// !$*UTF8*$!
{
	archiveVersion = 1;
	classes = {
	};
	objectVersion = 46;
	objects = {

/* Begin PBXBuildFile section */
		69255BBC183D5A7D00637E04 /* Foundation.framework in Frameworks */ = {isa = PBXBuildFile; fileRef = 69255BBB183D5A7D00637E04 /* Foundation.framework */; };
		69255BBE183D5A7D00637E04 /* CoreGraphics.framework in Frameworks */ = {isa = PBXBuildFile; fileRef = 69255BBD183D5A7D00637E04 /* CoreGraphics.framework */; };
		69255BC0183D5A7D00637E04 /* UIKit.framework in Frameworks */ = {isa = PBXBuildFile; fileRef = 69255BBF183D5A7D00637E04 /* UIKit.framework */; };
		69255BC2183D5A7D00637E04 /* SpriteKit.framework in Frameworks */ = {isa = PBXBuildFile; fileRef = 69255BC1183D5A7D00637E04 /* SpriteKit.framework */; };
		69255BC8183D5A7D00637E04 /* InfoPlist.strings in Resources */ = {isa = PBXBuildFile; fileRef = 69255BC6183D5A7D00637E04 /* InfoPlist.strings */; };
		69255BCA183D5A7D00637E04 /* main.m in Sources */ = {isa = PBXBuildFile; fileRef = 69255BC9183D5A7D00637E04 /* main.m */; };
		69255BCE183D5A7D00637E04 /* IIAppDelegate.m in Sources */ = {isa = PBXBuildFile; fileRef = 69255BCD183D5A7D00637E04 /* IIAppDelegate.m */; };
		69255BD1183D5A7D00637E04 /* Main.storyboard in Resources */ = {isa = PBXBuildFile; fileRef = 69255BCF183D5A7D00637E04 /* Main.storyboard */; };
		69255BD4183D5A7D00637E04 /* IIViewController.m in Sources */ = {isa = PBXBuildFile; fileRef = 69255BD3183D5A7D00637E04 /* IIViewController.m */; };
		69255BD7183D5A7D00637E04 /* IIMyScene.m in Sources */ = {isa = PBXBuildFile; fileRef = 69255BD6183D5A7D00637E04 /* IIMyScene.m */; };
		69255BDB183D5A7D00637E04 /* Images.xcassets in Resources */ = {isa = PBXBuildFile; fileRef = 69255BDA183D5A7D00637E04 /* Images.xcassets */; };
		AB0EE6281895CB6800BC6756 /* Cocoa.framework in Frameworks */ = {isa = PBXBuildFile; fileRef = AB0EE6271895CB6800BC6756 /* Cocoa.framework */; };
		AB0EE6291895CB6800BC6756 /* SpriteKit.framework in Frameworks */ = {isa = PBXBuildFile; fileRef = 69255BC1183D5A7D00637E04 /* SpriteKit.framework */; };
		AB0EE6331895CB6800BC6756 /* InfoPlist.strings in Resources */ = {isa = PBXBuildFile; fileRef = AB0EE6311895CB6800BC6756 /* InfoPlist.strings */; };
		AB0EE6351895CB6800BC6756 /* main.m in Sources */ = {isa = PBXBuildFile; fileRef = AB0EE6341895CB6800BC6756 /* main.m */; };
		AB0EE6391895CB6800BC6756 /* Credits.rtf in Resources */ = {isa = PBXBuildFile; fileRef = AB0EE6371895CB6800BC6756 /* Credits.rtf */; };
		AB0EE63B1895CB6800BC6756 /* MainMenu.xib in Resources */ = {isa = PBXBuildFile; fileRef = AB0EE63A1895CB6800BC6756 /* MainMenu.xib */; };
		AB0EE6401895CB6800BC6756 /* ENHAppDelegate.m in Sources */ = {isa = PBXBuildFile; fileRef = AB0EE63F1895CB6800BC6756 /* ENHAppDelegate.m */; };
		AB0EE6451895CB6800BC6756 /* Images.xcassets in Resources */ = {isa = PBXBuildFile; fileRef = AB0EE6441895CB6800BC6756 /* Images.xcassets */; };
		AB0EE65D1895CCC800BC6756 /* IIMyScene.m in Sources */ = {isa = PBXBuildFile; fileRef = 69255BD6183D5A7D00637E04 /* IIMyScene.m */; };
/* End PBXBuildFile section */

/* Begin PBXFileReference section */
		69255BB8183D5A7D00637E04 /* ScrollKit.app */ = {isa = PBXFileReference; explicitFileType = wrapper.application; includeInIndex = 0; path = ScrollKit.app; sourceTree = BUILT_PRODUCTS_DIR; };
		69255BBB183D5A7D00637E04 /* Foundation.framework */ = {isa = PBXFileReference; lastKnownFileType = wrapper.framework; name = Foundation.framework; path = System/Library/Frameworks/Foundation.framework; sourceTree = SDKROOT; };
		69255BBD183D5A7D00637E04 /* CoreGraphics.framework */ = {isa = PBXFileReference; lastKnownFileType = wrapper.framework; name = CoreGraphics.framework; path = System/Library/Frameworks/CoreGraphics.framework; sourceTree = SDKROOT; };
		69255BBF183D5A7D00637E04 /* UIKit.framework */ = {isa = PBXFileReference; lastKnownFileType = wrapper.framework; name = UIKit.framework; path = System/Library/Frameworks/UIKit.framework; sourceTree = SDKROOT; };
		69255BC1183D5A7D00637E04 /* SpriteKit.framework */ = {isa = PBXFileReference; lastKnownFileType = wrapper.framework; name = SpriteKit.framework; path = System/Library/Frameworks/SpriteKit.framework; sourceTree = SDKROOT; };
		69255BC5183D5A7D00637E04 /* ScrollKit-Info.plist */ = {isa = PBXFileReference; lastKnownFileType = text.plist.xml; path = "ScrollKit-Info.plist"; sourceTree = "<group>"; };
		69255BC7183D5A7D00637E04 /* en */ = {isa = PBXFileReference; lastKnownFileType = text.plist.strings; name = en; path = en.lproj/InfoPlist.strings; sourceTree = "<group>"; };
		69255BC9183D5A7D00637E04 /* main.m */ = {isa = PBXFileReference; lastKnownFileType = sourcecode.c.objc; path = main.m; sourceTree = "<group>"; };
		69255BCB183D5A7D00637E04 /* ScrollKit-Prefix.pch */ = {isa = PBXFileReference; lastKnownFileType = sourcecode.c.h; path = "ScrollKit-Prefix.pch"; sourceTree = "<group>"; };
		69255BCC183D5A7D00637E04 /* IIAppDelegate.h */ = {isa = PBXFileReference; lastKnownFileType = sourcecode.c.h; path = IIAppDelegate.h; sourceTree = "<group>"; };
		69255BCD183D5A7D00637E04 /* IIAppDelegate.m */ = {isa = PBXFileReference; lastKnownFileType = sourcecode.c.objc; path = IIAppDelegate.m; sourceTree = "<group>"; };
		69255BD0183D5A7D00637E04 /* Base */ = {isa = PBXFileReference; lastKnownFileType = file.storyboard; name = Base; path = Base.lproj/Main.storyboard; sourceTree = "<group>"; };
		69255BD2183D5A7D00637E04 /* IIViewController.h */ = {isa = PBXFileReference; lastKnownFileType = sourcecode.c.h; path = IIViewController.h; sourceTree = "<group>"; };
		69255BD3183D5A7D00637E04 /* IIViewController.m */ = {isa = PBXFileReference; lastKnownFileType = sourcecode.c.objc; path = IIViewController.m; sourceTree = "<group>"; };
		69255BD5183D5A7D00637E04 /* IIMyScene.h */ = {isa = PBXFileReference; lastKnownFileType = sourcecode.c.h; path = IIMyScene.h; sourceTree = "<group>"; };
		69255BD6183D5A7D00637E04 /* IIMyScene.m */ = {isa = PBXFileReference; lastKnownFileType = sourcecode.c.objc; path = IIMyScene.m; sourceTree = "<group>"; };
		69255BDA183D5A7D00637E04 /* Images.xcassets */ = {isa = PBXFileReference; lastKnownFileType = folder.assetcatalog; path = Images.xcassets; sourceTree = "<group>"; };
		69255BE1183D5A7D00637E04 /* XCTest.framework */ = {isa = PBXFileReference; lastKnownFileType = wrapper.framework; name = XCTest.framework; path = Library/Frameworks/XCTest.framework; sourceTree = DEVELOPER_DIR; };
		AB0EE6261895CB6800BC6756 /* ScrollKitOSX.app */ = {isa = PBXFileReference; explicitFileType = wrapper.application; includeInIndex = 0; path = ScrollKitOSX.app; sourceTree = BUILT_PRODUCTS_DIR; };
		AB0EE6271895CB6800BC6756 /* Cocoa.framework */ = {isa = PBXFileReference; lastKnownFileType = wrapper.framework; name = Cocoa.framework; path = Library/Frameworks/Cocoa.framework; sourceTree = DEVELOPER_DIR; };
		AB0EE62B1895CB6800BC6756 /* AppKit.framework */ = {isa = PBXFileReference; lastKnownFileType = wrapper.framework; name = AppKit.framework; path = Library/Frameworks/AppKit.framework; sourceTree = SDKROOT; };
		AB0EE62C1895CB6800BC6756 /* CoreData.framework */ = {isa = PBXFileReference; lastKnownFileType = wrapper.framework; name = CoreData.framework; path = Library/Frameworks/CoreData.framework; sourceTree = SDKROOT; };
		AB0EE62D1895CB6800BC6756 /* Foundation.framework */ = {isa = PBXFileReference; lastKnownFileType = wrapper.framework; name = Foundation.framework; path = Library/Frameworks/Foundation.framework; sourceTree = SDKROOT; };
		AB0EE6301895CB6800BC6756 /* ScrollKitOSX-Info.plist */ = {isa = PBXFileReference; lastKnownFileType = text.plist.xml; path = "ScrollKitOSX-Info.plist"; sourceTree = "<group>"; };
		AB0EE6321895CB6800BC6756 /* en */ = {isa = PBXFileReference; lastKnownFileType = text.plist.strings; name = en; path = en.lproj/InfoPlist.strings; sourceTree = "<group>"; };
		AB0EE6341895CB6800BC6756 /* main.m */ = {isa = PBXFileReference; lastKnownFileType = sourcecode.c.objc; path = main.m; sourceTree = "<group>"; };
		AB0EE6361895CB6800BC6756 /* ScrollKitOSX-Prefix.pch */ = {isa = PBXFileReference; lastKnownFileType = sourcecode.c.h; path = "ScrollKitOSX-Prefix.pch"; sourceTree = "<group>"; };
		AB0EE6381895CB6800BC6756 /* en */ = {isa = PBXFileReference; lastKnownFileType = text.rtf; name = en; path = en.lproj/Credits.rtf; sourceTree = "<group>"; };
		AB0EE63A1895CB6800BC6756 /* MainMenu.xib */ = {isa = PBXFileReference; lastKnownFileType = file.xib; path = MainMenu.xib; sourceTree = "<group>"; };
		AB0EE63F1895CB6800BC6756 /* ENHAppDelegate.m */ = {isa = PBXFileReference; lastKnownFileType = sourcecode.c.objc; path = ENHAppDelegate.m; sourceTree = "<group>"; };
		AB0EE6411895CB6800BC6756 /* ENHAppDelegate.h */ = {isa = PBXFileReference; lastKnownFileType = sourcecode.c.h; path = ENHAppDelegate.h; sourceTree = "<group>"; };
		AB0EE6441895CB6800BC6756 /* Images.xcassets */ = {isa = PBXFileReference; lastKnownFileType = folder.assetcatalog; path = Images.xcassets; sourceTree = "<group>"; };
/* End PBXFileReference section */

/* Begin PBXFrameworksBuildPhase section */
		69255BB5183D5A7D00637E04 /* Frameworks */ = {
			isa = PBXFrameworksBuildPhase;
			buildActionMask = 2147483647;
			files = (
				69255BBE183D5A7D00637E04 /* CoreGraphics.framework in Frameworks */,
				69255BC0183D5A7D00637E04 /* UIKit.framework in Frameworks */,
				69255BC2183D5A7D00637E04 /* SpriteKit.framework in Frameworks */,
				69255BBC183D5A7D00637E04 /* Foundation.framework in Frameworks */,
			);
			runOnlyForDeploymentPostprocessing = 0;
		};
		AB0EE6231895CB6800BC6756 /* Frameworks */ = {
			isa = PBXFrameworksBuildPhase;
			buildActionMask = 2147483647;
			files = (
				AB0EE6291895CB6800BC6756 /* SpriteKit.framework in Frameworks */,
				AB0EE6281895CB6800BC6756 /* Cocoa.framework in Frameworks */,
			);
			runOnlyForDeploymentPostprocessing = 0;
		};
/* End PBXFrameworksBuildPhase section */

/* Begin PBXGroup section */
		69255BAF183D5A7D00637E04 = {
			isa = PBXGroup;
			children = (
				69255BC3183D5A7D00637E04 /* ScrollKit */,
				AB0EE62E1895CB6800BC6756 /* ScrollKitOSX */,
				69255BBA183D5A7D00637E04 /* Frameworks */,
				69255BB9183D5A7D00637E04 /* Products */,
			);
			sourceTree = "<group>";
		};
		69255BB9183D5A7D00637E04 /* Products */ = {
			isa = PBXGroup;
			children = (
				69255BB8183D5A7D00637E04 /* ScrollKit.app */,
				AB0EE6261895CB6800BC6756 /* ScrollKitOSX.app */,
			);
			name = Products;
			sourceTree = "<group>";
		};
		69255BBA183D5A7D00637E04 /* Frameworks */ = {
			isa = PBXGroup;
			children = (
				69255BBB183D5A7D00637E04 /* Foundation.framework */,
				69255BBD183D5A7D00637E04 /* CoreGraphics.framework */,
				69255BBF183D5A7D00637E04 /* UIKit.framework */,
				69255BC1183D5A7D00637E04 /* SpriteKit.framework */,
				69255BE1183D5A7D00637E04 /* XCTest.framework */,
				AB0EE6271895CB6800BC6756 /* Cocoa.framework */,
				AB0EE62A1895CB6800BC6756 /* Other Frameworks */,
			);
			name = Frameworks;
			sourceTree = "<group>";
		};
		69255BC3183D5A7D00637E04 /* ScrollKit */ = {
			isa = PBXGroup;
			children = (
				69255BCC183D5A7D00637E04 /* IIAppDelegate.h */,
				69255BCD183D5A7D00637E04 /* IIAppDelegate.m */,
				69255BCF183D5A7D00637E04 /* Main.storyboard */,
				69255BD2183D5A7D00637E04 /* IIViewController.h */,
				69255BD3183D5A7D00637E04 /* IIViewController.m */,
				69255BD5183D5A7D00637E04 /* IIMyScene.h */,
				69255BD6183D5A7D00637E04 /* IIMyScene.m */,
				69255BDA183D5A7D00637E04 /* Images.xcassets */,
				69255BC4183D5A7D00637E04 /* Supporting Files */,
			);
			path = ScrollKit;
			sourceTree = "<group>";
		};
		69255BC4183D5A7D00637E04 /* Supporting Files */ = {
			isa = PBXGroup;
			children = (
				69255BC5183D5A7D00637E04 /* ScrollKit-Info.plist */,
				69255BC6183D5A7D00637E04 /* InfoPlist.strings */,
				69255BC9183D5A7D00637E04 /* main.m */,
				69255BCB183D5A7D00637E04 /* ScrollKit-Prefix.pch */,
			);
			name = "Supporting Files";
			sourceTree = "<group>";
		};
		AB0EE62A1895CB6800BC6756 /* Other Frameworks */ = {
			isa = PBXGroup;
			children = (
				AB0EE62B1895CB6800BC6756 /* AppKit.framework */,
				AB0EE62C1895CB6800BC6756 /* CoreData.framework */,
				AB0EE62D1895CB6800BC6756 /* Foundation.framework */,
			);
			name = "Other Frameworks";
			sourceTree = "<group>";
		};
		AB0EE62E1895CB6800BC6756 /* ScrollKitOSX */ = {
			isa = PBXGroup;
			children = (
				AB0EE63A1895CB6800BC6756 /* MainMenu.xib */,
				AB0EE6411895CB6800BC6756 /* ENHAppDelegate.h */,
				AB0EE63F1895CB6800BC6756 /* ENHAppDelegate.m */,
				AB0EE6441895CB6800BC6756 /* Images.xcassets */,
				AB0EE62F1895CB6800BC6756 /* Supporting Files */,
			);
			path = ScrollKitOSX;
			sourceTree = "<group>";
		};
		AB0EE62F1895CB6800BC6756 /* Supporting Files */ = {
			isa = PBXGroup;
			children = (
				AB0EE6301895CB6800BC6756 /* ScrollKitOSX-Info.plist */,
				AB0EE6311895CB6800BC6756 /* InfoPlist.strings */,
				AB0EE6341895CB6800BC6756 /* main.m */,
				AB0EE6361895CB6800BC6756 /* ScrollKitOSX-Prefix.pch */,
				AB0EE6371895CB6800BC6756 /* Credits.rtf */,
			);
			name = "Supporting Files";
			sourceTree = "<group>";
		};
/* End PBXGroup section */

/* Begin PBXNativeTarget section */
		69255BB7183D5A7D00637E04 /* ScrollKit */ = {
			isa = PBXNativeTarget;
			buildConfigurationList = 69255BF1183D5A7D00637E04 /* Build configuration list for PBXNativeTarget "ScrollKit" */;
			buildPhases = (
				69255BB4183D5A7D00637E04 /* Sources */,
				69255BB5183D5A7D00637E04 /* Frameworks */,
				69255BB6183D5A7D00637E04 /* Resources */,
			);
			buildRules = (
			);
			dependencies = (
			);
			name = ScrollKit;
			productName = ScrollKit;
			productReference = 69255BB8183D5A7D00637E04 /* ScrollKit.app */;
			productType = "com.apple.product-type.application";
		};
		AB0EE6251895CB6800BC6756 /* ScrollKitOSX */ = {
			isa = PBXNativeTarget;
			buildConfigurationList = AB0EE6571895CB6800BC6756 /* Build configuration list for PBXNativeTarget "ScrollKitOSX" */;
			buildPhases = (
				AB0EE6221895CB6800BC6756 /* Sources */,
				AB0EE6231895CB6800BC6756 /* Frameworks */,
				AB0EE6241895CB6800BC6756 /* Resources */,
			);
			buildRules = (
			);
			dependencies = (
			);
			name = ScrollKitOSX;
			productName = ScrollKitOSX;
			productReference = AB0EE6261895CB6800BC6756 /* ScrollKitOSX.app */;
			productType = "com.apple.product-type.application";
		};
/* End PBXNativeTarget section */

/* Begin PBXProject section */
		69255BB0183D5A7D00637E04 /* Project object */ = {
			isa = PBXProject;
			attributes = {
				CLASSPREFIX = II;
				LastUpgradeCheck = 0500;
				ORGANIZATIONNAME = IMGNRY;
			};
			buildConfigurationList = 69255BB3183D5A7D00637E04 /* Build configuration list for PBXProject "ScrollKit" */;
			compatibilityVersion = "Xcode 3.2";
			developmentRegion = English;
			hasScannedForEncodings = 0;
			knownRegions = (
				en,
				Base,
			);
			mainGroup = 69255BAF183D5A7D00637E04;
			productRefGroup = 69255BB9183D5A7D00637E04 /* Products */;
			projectDirPath = "";
			projectRoot = "";
			targets = (
				69255BB7183D5A7D00637E04 /* ScrollKit */,
				AB0EE6251895CB6800BC6756 /* ScrollKitOSX */,
			);
		};
/* End PBXProject section */

/* Begin PBXResourcesBuildPhase section */
		69255BB6183D5A7D00637E04 /* Resources */ = {
			isa = PBXResourcesBuildPhase;
			buildActionMask = 2147483647;
			files = (
				69255BC8183D5A7D00637E04 /* InfoPlist.strings in Resources */,
				69255BDB183D5A7D00637E04 /* Images.xcassets in Resources */,
				69255BD1183D5A7D00637E04 /* Main.storyboard in Resources */,
			);
			runOnlyForDeploymentPostprocessing = 0;
		};
		AB0EE6241895CB6800BC6756 /* Resources */ = {
			isa = PBXResourcesBuildPhase;
			buildActionMask = 2147483647;
			files = (
				AB0EE6451895CB6800BC6756 /* Images.xcassets in Resources */,
				AB0EE6331895CB6800BC6756 /* InfoPlist.strings in Resources */,
				AB0EE6391895CB6800BC6756 /* Credits.rtf in Resources */,
				AB0EE63B1895CB6800BC6756 /* MainMenu.xib in Resources */,
			);
			runOnlyForDeploymentPostprocessing = 0;
		};
/* End PBXResourcesBuildPhase section */

/* Begin PBXSourcesBuildPhase section */
		69255BB4183D5A7D00637E04 /* Sources */ = {
			isa = PBXSourcesBuildPhase;
			buildActionMask = 2147483647;
			files = (
				69255BD7183D5A7D00637E04 /* IIMyScene.m in Sources */,
				69255BCE183D5A7D00637E04 /* IIAppDelegate.m in Sources */,
				69255BCA183D5A7D00637E04 /* main.m in Sources */,
				69255BD4183D5A7D00637E04 /* IIViewController.m in Sources */,
			);
			runOnlyForDeploymentPostprocessing = 0;
		};
		AB0EE6221895CB6800BC6756 /* Sources */ = {
			isa = PBXSourcesBuildPhase;
			buildActionMask = 2147483647;
			files = (
				AB0EE65D1895CCC800BC6756 /* IIMyScene.m in Sources */,
				AB0EE6401895CB6800BC6756 /* ENHAppDelegate.m in Sources */,
				AB0EE6351895CB6800BC6756 /* main.m in Sources */,
			);
			runOnlyForDeploymentPostprocessing = 0;
		};
/* End PBXSourcesBuildPhase section */

/* Begin PBXVariantGroup section */
		69255BC6183D5A7D00637E04 /* InfoPlist.strings */ = {
			isa = PBXVariantGroup;
			children = (
				69255BC7183D5A7D00637E04 /* en */,
			);
			name = InfoPlist.strings;
			sourceTree = "<group>";
		};
		69255BCF183D5A7D00637E04 /* Main.storyboard */ = {
			isa = PBXVariantGroup;
			children = (
				69255BD0183D5A7D00637E04 /* Base */,
			);
			name = Main.storyboard;
			sourceTree = "<group>";
		};
		AB0EE6311895CB6800BC6756 /* InfoPlist.strings */ = {
			isa = PBXVariantGroup;
			children = (
				AB0EE6321895CB6800BC6756 /* en */,
			);
			name = InfoPlist.strings;
			sourceTree = "<group>";
		};
		AB0EE6371895CB6800BC6756 /* Credits.rtf */ = {
			isa = PBXVariantGroup;
			children = (
				AB0EE6381895CB6800BC6756 /* en */,
			);
			name = Credits.rtf;
			sourceTree = "<group>";
		};
/* End PBXVariantGroup section */

/* Begin XCBuildConfiguration section */
		69255BEF183D5A7D00637E04 /* Debug */ = {
			isa = XCBuildConfiguration;
			buildSettings = {
				ALWAYS_SEARCH_USER_PATHS = NO;
				ARCHS = "$(ARCHS_STANDARD_INCLUDING_64_BIT)";
				CLANG_CXX_LANGUAGE_STANDARD = "gnu++0x";
				CLANG_CXX_LIBRARY = "libc++";
				CLANG_ENABLE_MODULES = YES;
				CLANG_ENABLE_OBJC_ARC = YES;
				CLANG_WARN_BOOL_CONVERSION = YES;
				CLANG_WARN_CONSTANT_CONVERSION = YES;
				CLANG_WARN_DIRECT_OBJC_ISA_USAGE = YES_ERROR;
				CLANG_WARN_EMPTY_BODY = YES;
				CLANG_WARN_ENUM_CONVERSION = YES;
				CLANG_WARN_INT_CONVERSION = YES;
				CLANG_WARN_OBJC_ROOT_CLASS = YES_ERROR;
				CLANG_WARN__DUPLICATE_METHOD_MATCH = YES;
				"CODE_SIGN_IDENTITY[sdk=iphoneos*]" = "iPhone Developer";
				COPY_PHASE_STRIP = NO;
				GCC_C_LANGUAGE_STANDARD = gnu99;
				GCC_DYNAMIC_NO_PIC = NO;
				GCC_OPTIMIZATION_LEVEL = 0;
				GCC_PREPROCESSOR_DEFINITIONS = (
					"DEBUG=1",
					"$(inherited)",
				);
				GCC_SYMBOLS_PRIVATE_EXTERN = NO;
				GCC_WARN_64_TO_32_BIT_CONVERSION = YES;
				GCC_WARN_ABOUT_RETURN_TYPE = YES_ERROR;
				GCC_WARN_UNDECLARED_SELECTOR = YES;
				GCC_WARN_UNINITIALIZED_AUTOS = YES;
				GCC_WARN_UNUSED_FUNCTION = YES;
				GCC_WARN_UNUSED_VARIABLE = YES;
				IPHONEOS_DEPLOYMENT_TARGET = 7.0;
				ONLY_ACTIVE_ARCH = YES;
				SDKROOT = iphoneos;
			};
			name = Debug;
		};
		69255BF0183D5A7D00637E04 /* Release */ = {
			isa = XCBuildConfiguration;
			buildSettings = {
				ALWAYS_SEARCH_USER_PATHS = NO;
				ARCHS = "$(ARCHS_STANDARD_INCLUDING_64_BIT)";
				CLANG_CXX_LANGUAGE_STANDARD = "gnu++0x";
				CLANG_CXX_LIBRARY = "libc++";
				CLANG_ENABLE_MODULES = YES;
				CLANG_ENABLE_OBJC_ARC = YES;
				CLANG_WARN_BOOL_CONVERSION = YES;
				CLANG_WARN_CONSTANT_CONVERSION = YES;
				CLANG_WARN_DIRECT_OBJC_ISA_USAGE = YES_ERROR;
				CLANG_WARN_EMPTY_BODY = YES;
				CLANG_WARN_ENUM_CONVERSION = YES;
				CLANG_WARN_INT_CONVERSION = YES;
				CLANG_WARN_OBJC_ROOT_CLASS = YES_ERROR;
				CLANG_WARN__DUPLICATE_METHOD_MATCH = YES;
				"CODE_SIGN_IDENTITY[sdk=iphoneos*]" = "iPhone Developer";
				COPY_PHASE_STRIP = YES;
				ENABLE_NS_ASSERTIONS = NO;
				GCC_C_LANGUAGE_STANDARD = gnu99;
				GCC_WARN_64_TO_32_BIT_CONVERSION = YES;
				GCC_WARN_ABOUT_RETURN_TYPE = YES_ERROR;
				GCC_WARN_UNDECLARED_SELECTOR = YES;
				GCC_WARN_UNINITIALIZED_AUTOS = YES;
				GCC_WARN_UNUSED_FUNCTION = YES;
				GCC_WARN_UNUSED_VARIABLE = YES;
				IPHONEOS_DEPLOYMENT_TARGET = 7.0;
				SDKROOT = iphoneos;
				VALIDATE_PRODUCT = YES;
			};
			name = Release;
		};
		69255BF2183D5A7D00637E04 /* Debug */ = {
			isa = XCBuildConfiguration;
			buildSettings = {
				ASSETCATALOG_COMPILER_APPICON_NAME = AppIcon;
				ASSETCATALOG_COMPILER_LAUNCHIMAGE_NAME = LaunchImage;
				GCC_PRECOMPILE_PREFIX_HEADER = YES;
				GCC_PREFIX_HEADER = "ScrollKit/ScrollKit-Prefix.pch";
				INFOPLIST_FILE = "ScrollKit/ScrollKit-Info.plist";
				PRODUCT_NAME = "$(TARGET_NAME)";
				SPRITEKIT_TEXTURE_ATLAS_OUTPUT = YES;
				WRAPPER_EXTENSION = app;
			};
			name = Debug;
		};
		69255BF3183D5A7D00637E04 /* Release */ = {
			isa = XCBuildConfiguration;
			buildSettings = {
				ASSETCATALOG_COMPILER_APPICON_NAME = AppIcon;
				ASSETCATALOG_COMPILER_LAUNCHIMAGE_NAME = LaunchImage;
				GCC_PRECOMPILE_PREFIX_HEADER = YES;
				GCC_PREFIX_HEADER = "ScrollKit/ScrollKit-Prefix.pch";
				INFOPLIST_FILE = "ScrollKit/ScrollKit-Info.plist";
				PRODUCT_NAME = "$(TARGET_NAME)";
				SPRITEKIT_TEXTURE_ATLAS_OUTPUT = YES;
				WRAPPER_EXTENSION = app;
			};
			name = Release;
		};
		AB0EE6581895CB6800BC6756 /* Debug */ = {
			isa = XCBuildConfiguration;
			buildSettings = {
				ASSETCATALOG_COMPILER_APPICON_NAME = AppIcon;
				COMBINE_HIDPI_IMAGES = YES;
				FRAMEWORK_SEARCH_PATHS = (
					"$(inherited)",
					"$(DEVELOPER_FRAMEWORKS_DIR)",
				);
				GCC_ENABLE_OBJC_EXCEPTIONS = YES;
				GCC_PRECOMPILE_PREFIX_HEADER = YES;
				GCC_PREFIX_HEADER = "ScrollKitOSX/ScrollKitOSX-Prefix.pch";
				GCC_PREPROCESSOR_DEFINITIONS = (
					"DEBUG=1",
					"$(inherited)",
				);
				INFOPLIST_FILE = "ScrollKitOSX/ScrollKitOSX-Info.plist";
				MACOSX_DEPLOYMENT_TARGET = 10.9;
				PRODUCT_NAME = "$(TARGET_NAME)";
				SDKROOT = macosx;
				SPRITEKIT_TEXTURE_ATLAS_OUTPUT = YES;
				WRAPPER_EXTENSION = app;
			};
			name = Debug;
		};
		AB0EE6591895CB6800BC6756 /* Release */ = {
			isa = XCBuildConfiguration;
			buildSettings = {
				ASSETCATALOG_COMPILER_APPICON_NAME = AppIcon;
				COMBINE_HIDPI_IMAGES = YES;
				DEBUG_INFORMATION_FORMAT = "dwarf-with-dsym";
				FRAMEWORK_SEARCH_PATHS = (
					"$(inherited)",
					"$(DEVELOPER_FRAMEWORKS_DIR)",
				);
				GCC_ENABLE_OBJC_EXCEPTIONS = YES;
				GCC_PRECOMPILE_PREFIX_HEADER = YES;
				GCC_PREFIX_HEADER = "ScrollKitOSX/ScrollKitOSX-Prefix.pch";
				INFOPLIST_FILE = "ScrollKitOSX/ScrollKitOSX-Info.plist";
				MACOSX_DEPLOYMENT_TARGET = 10.9;
				PRODUCT_NAME = "$(TARGET_NAME)";
				SDKROOT = macosx;
				SPRITEKIT_TEXTURE_ATLAS_OUTPUT = YES;
				WRAPPER_EXTENSION = app;
			};
			name = Release;
		};
/* End XCBuildConfiguration section */

/* Begin XCConfigurationList section */
		69255BB3183D5A7D00637E04 /* Build configuration list for PBXProject "ScrollKit" */ = {
			isa = XCConfigurationList;
			buildConfigurations = (
				69255BEF183D5A7D00637E04 /* Debug */,
				69255BF0183D5A7D00637E04 /* Release */,
			);
			defaultConfigurationIsVisible = 0;
			defaultConfigurationName = Release;
		};
		69255BF1183D5A7D00637E04 /* Build configuration list for PBXNativeTarget "ScrollKit" */ = {
			isa = XCConfigurationList;
			buildConfigurations = (
				69255BF2183D5A7D00637E04 /* Debug */,
				69255BF3183D5A7D00637E04 /* Release */,
			);
			defaultConfigurationIsVisible = 0;
			defaultConfigurationName = Release;
		};
		AB0EE6571895CB6800BC6756 /* Build configuration list for PBXNativeTarget "ScrollKitOSX" */ = {
			isa = XCConfigurationList;
			buildConfigurations = (
				AB0EE6581895CB6800BC6756 /* Debug */,
				AB0EE6591895CB6800BC6756 /* Release */,
			);
			defaultConfigurationIsVisible = 0;
			defaultConfigurationName = Release;
		};
/* End XCConfigurationList section */
	};
	rootObject = 69255BB0183D5A7D00637E04 /* Project object */;
}
